
Microsoft Visual Studio Solution File, Format Version 12.00
# Visual Studio 15
VisualStudioVersion = 15.0.28010.2048
MinimumVisualStudioVersion = 10.0.40219.1
Project("{9A19103F-16F7-4668-BE54-9A1E7A4F7556}") = "MoonBlogsWeb", "MoonBlogsWeb\MoonBlogsWeb.csproj", "{73B11398-5824-4E4E-862A-27742584B5D8}"
EndProject
Project("{9A19103F-16F7-4668-BE54-9A1E7A4F7556}") = "WebApplicationTypeScript", "WebApplicationTypeScript\WebApplicationTypeScript.csproj", "{C7D62C6E-E479-4130-A180-3A854E7973F8}"
EndProject
Project("{9A19103F-16F7-4668-BE54-9A1E7A4F7556}") = "DotnetCoreWithVue", "DotnetCoreWithVue\DotnetCoreWithVue.csproj", "{FCD66662-2DD3-4989-A083-B3B43AA193C2}"
EndProject
Project("{FAE04EC0-301F-11D3-BF4B-00C04F79EFBC}") = "MyblogsMVC", "MyblogsMVC\MyblogsMVC.csproj", "{AEB9D962-9FB4-4ED1-A12A-43212221467B}"
EndProject
Global
	GlobalSection(SolutionConfigurationPlatforms) = preSolution
		Debug|Any CPU = Debug|Any CPU
		Release|Any CPU = Release|Any CPU
	EndGlobalSection
	GlobalSection(ProjectConfigurationPlatforms) = postSolution
		{73B11398-5824-4E4E-862A-27742584B5D8}.Debug|Any CPU.ActiveCfg = Debug|Any CPU
		{73B11398-5824-4E4E-862A-27742584B5D8}.Debug|Any CPU.Build.0 = Debug|Any CPU
		{73B11398-5824-4E4E-862A-27742584B5D8}.Release|Any CPU.ActiveCfg = Release|Any CPU
		{73B11398-5824-4E4E-862A-27742584B5D8}.Release|Any CPU.Build.0 = Release|Any CPU
		{C7D62C6E-E479-4130-A180-3A854E7973F8}.Debug|Any CPU.ActiveCfg = Debug|Any CPU
		{C7D62C6E-E479-4130-A180-3A854E7973F8}.Debug|Any CPU.Build.0 = Debug|Any CPU
		{C7D62C6E-E479-4130-A180-3A854E7973F8}.Release|Any CPU.ActiveCfg = Release|Any CPU
		{C7D62C6E-E479-4130-A180-3A854E7973F8}.Release|Any CPU.Build.0 = Release|Any CPU
		{FCD66662-2DD3-4989-A083-B3B43AA193C2}.Debug|Any CPU.ActiveCfg = Debug|Any CPU
		{FCD66662-2DD3-4989-A083-B3B43AA193C2}.Debug|Any CPU.Build.0 = Debug|Any CPU
		{FCD66662-2DD3-4989-A083-B3B43AA193C2}.Release|Any CPU.ActiveCfg = Release|Any CPU
		{FCD66662-2DD3-4989-A083-B3B43AA193C2}.Release|Any CPU.Build.0 = Release|Any CPU
		{AEB9D962-9FB4-4ED1-A12A-43212221467B}.Debug|Any CPU.ActiveCfg = Debug|Any CPU
		{AEB9D962-9FB4-4ED1-A12A-43212221467B}.Debug|Any CPU.Build.0 = Debug|Any CPU
		{AEB9D962-9FB4-4ED1-A12A-43212221467B}.Release|Any CPU.ActiveCfg = Release|Any CPU
		{AEB9D962-9FB4-4ED1-A12A-43212221467B}.Release|Any CPU.Build.0 = Release|Any CPU
	EndGlobalSection
	GlobalSection(SolutionProperties) = preSolution
		HideSolutionNode = FALSE
	EndGlobalSection
	GlobalSection(ExtensibilityGlobals) = postSolution
		SolutionGuid = {3CD2C620-0E0C-44FB-99BD-B4AB68C0EC83}
	EndGlobalSection
EndGlobal
