
Microsoft Visual Studio Solution File, Format Version 12.00
# Visual Studio 15
VisualStudioVersion = 15.0.28010.2048
MinimumVisualStudioVersion = 10.0.40219.1
Project("{9A19103F-16F7-4668-BE54-9A1E7A4F7556}") = "MyblogsMVC", "MyblogsMVC\MyblogsMVC.csproj", "{AEB9D962-9FB4-4ED1-A12A-43212221467B}"
EndProject
Project("{FAE04EC0-301F-11D3-BF4B-00C04F79EFBC}") = "AngularWeb", "AngularWeb\AngularWeb.csproj", "{07FA65F2-492F-4A81-8656-BEAAD69A3E82}"
EndProject
Global
	GlobalSection(SolutionConfigurationPlatforms) = preSolution
		Debug|Any CPU = Debug|Any CPU
		Release|Any CPU = Release|Any CPU
	EndGlobalSection
	GlobalSection(ProjectConfigurationPlatforms) = postSolution
		{AEB9D962-9FB4-4ED1-A12A-43212221467B}.Debug|Any CPU.ActiveCfg = Debug|Any CPU
		{AEB9D962-9FB4-4ED1-A12A-43212221467B}.Debug|Any CPU.Build.0 = Debug|Any CPU
		{AEB9D962-9FB4-4ED1-A12A-43212221467B}.Release|Any CPU.ActiveCfg = Release|Any CPU
		{AEB9D962-9FB4-4ED1-A12A-43212221467B}.Release|Any CPU.Build.0 = Release|Any CPU
		{07FA65F2-492F-4A81-8656-BEAAD69A3E82}.Debug|Any CPU.ActiveCfg = Debug|Any CPU
		{07FA65F2-492F-4A81-8656-BEAAD69A3E82}.Debug|Any CPU.Build.0 = Debug|Any CPU
		{07FA65F2-492F-4A81-8656-BEAAD69A3E82}.Release|Any CPU.ActiveCfg = Release|Any CPU
		{07FA65F2-492F-4A81-8656-BEAAD69A3E82}.Release|Any CPU.Build.0 = Release|Any CPU
	EndGlobalSection
	GlobalSection(SolutionProperties) = preSolution
		HideSolutionNode = FALSE
	EndGlobalSection
	GlobalSection(ExtensibilityGlobals) = postSolution
		SolutionGuid = {3CD2C620-0E0C-44FB-99BD-B4AB68C0EC83}
	EndGlobalSection
EndGlobal
